// !$*UTF8*$!
{
	archiveVersion = 1;
	classes = {
	};
	objectVersion = 56;
	objects = {

/* Begin PBXBuildFile section */
		850D2E3229F617950032E05B /* GoogleService-Info.plist in Resources */ = {isa = PBXBuildFile; fileRef = 850D2E3129F617950032E05B /* GoogleService-Info.plist */; };
		8515396C2A1B0223003E9EA5 /* CalendarViewController.swift in Sources */ = {isa = PBXBuildFile; fileRef = 8515396B2A1B0223003E9EA5 /* CalendarViewController.swift */; };
		852033F92A035A4A0098FAD6 /* EditTaskViewController.swift in Sources */ = {isa = PBXBuildFile; fileRef = 852033F82A035A4A0098FAD6 /* EditTaskViewController.swift */; };
		85224A5629F2395400A27813 /* AppDelegate.swift in Sources */ = {isa = PBXBuildFile; fileRef = 85224A5529F2395400A27813 /* AppDelegate.swift */; };
		85224A5829F2395400A27813 /* SceneDelegate.swift in Sources */ = {isa = PBXBuildFile; fileRef = 85224A5729F2395400A27813 /* SceneDelegate.swift */; };
		85224A5D29F2395400A27813 /* Main.storyboard in Resources */ = {isa = PBXBuildFile; fileRef = 85224A5B29F2395400A27813 /* Main.storyboard */; };
		85224A5F29F2395500A27813 /* Assets.xcassets in Resources */ = {isa = PBXBuildFile; fileRef = 85224A5E29F2395500A27813 /* Assets.xcassets */; };
		85224A6229F2395500A27813 /* LaunchScreen.storyboard in Resources */ = {isa = PBXBuildFile; fileRef = 85224A6029F2395500A27813 /* LaunchScreen.storyboard */; };
		85224A6A29F2474F00A27813 /* DailyTaskTableViewController.swift in Sources */ = {isa = PBXBuildFile; fileRef = 85224A6929F2474F00A27813 /* DailyTaskTableViewController.swift */; };
		85224A6C29F24D5D00A27813 /* AddTaskViewController.swift in Sources */ = {isa = PBXBuildFile; fileRef = 85224A6B29F24D5D00A27813 /* AddTaskViewController.swift */; };
		85224A7129F2528A00A27813 /* FirebaseAuth in Frameworks */ = {isa = PBXBuildFile; productRef = 85224A7029F2528A00A27813 /* FirebaseAuth */; };
		85224A7329F2528A00A27813 /* FirebaseFirestore in Frameworks */ = {isa = PBXBuildFile; productRef = 85224A7229F2528A00A27813 /* FirebaseFirestore */; };
		85224A7529F2528A00A27813 /* FirebaseFirestoreSwift in Frameworks */ = {isa = PBXBuildFile; productRef = 85224A7429F2528A00A27813 /* FirebaseFirestoreSwift */; };
		85224A7829F2552B00A27813 /* MulticastDelegate.swift in Sources */ = {isa = PBXBuildFile; fileRef = 85224A7729F2552B00A27813 /* MulticastDelegate.swift */; };
		85224A7C29F2556E00A27813 /* DatabaseProtocol.swift in Sources */ = {isa = PBXBuildFile; fileRef = 85224A7B29F2556E00A27813 /* DatabaseProtocol.swift */; };
		85224A8029F25EA900A27813 /* FirebaseController.swift in Sources */ = {isa = PBXBuildFile; fileRef = 85224A7F29F25EA900A27813 /* FirebaseController.swift */; };
		85224A8229F270DA00A27813 /* DailyTask.swift in Sources */ = {isa = PBXBuildFile; fileRef = 85224A8129F270DA00A27813 /* DailyTask.swift */; };
		855078CC2A1725DD0053C6EC /* WeatherViewController.swift in Sources */ = {isa = PBXBuildFile; fileRef = 855078CB2A1725DD0053C6EC /* WeatherViewController.swift */; };
		856971E62A0CEDDE002F639C /* EditableTableViewCell.swift in Sources */ = {isa = PBXBuildFile; fileRef = 856971E52A0CEDDE002F639C /* EditableTableViewCell.swift */; };
		8571D61C2A08A44100A5C4F1 /* TaskProtocol.swift in Sources */ = {isa = PBXBuildFile; fileRef = 8571D61B2A08A44100A5C4F1 /* TaskProtocol.swift */; };
		858D665229F76AC2005B5A35 /* TaskTableViewCell.swift in Sources */ = {isa = PBXBuildFile; fileRef = 858D665129F76AC2005B5A35 /* TaskTableViewCell.swift */; };
		858D665429F77559005B5A35 /* checkbox-unchecked.png in Resources */ = {isa = PBXBuildFile; fileRef = 858D665329F77559005B5A35 /* checkbox-unchecked.png */; };
		858D665629F77563005B5A35 /* checkbox-checked.png in Resources */ = {isa = PBXBuildFile; fileRef = 858D665529F77563005B5A35 /* checkbox-checked.png */; };
		858D665829F77C7A005B5A35 /* ExpandedTaskTableViewCell.swift in Sources */ = {isa = PBXBuildFile; fileRef = 858D665729F77C7A005B5A35 /* ExpandedTaskTableViewCell.swift */; };
		85A494BD2A1B13D800BD9141 /* FSCalendar in Frameworks */ = {isa = PBXBuildFile; productRef = 85A494BC2A1B13D800BD9141 /* FSCalendar */; };
		85AD806B2A11C6710066096B /* SubtaskTableViewCell.swift in Sources */ = {isa = PBXBuildFile; fileRef = 85AD806A2A11C6710066096B /* SubtaskTableViewCell.swift */; };
		85B37E272A15B8AD00558745 /* TaskStreakViewController.swift in Sources */ = {isa = PBXBuildFile; fileRef = 85B37E262A15B8AD00558745 /* TaskStreakViewController.swift */; };
		85D4308A2A0C7D4E00553189 /* SubTask.swift in Sources */ = {isa = PBXBuildFile; fileRef = 85D430892A0C7D4E00553189 /* SubTask.swift */; };
		85EB14572A1F2C5D00894E23 /* AlamofireImage in Frameworks */ = {isa = PBXBuildFile; productRef = 85EB14562A1F2C5D00894E23 /* AlamofireImage */; };
/* End PBXBuildFile section */

/* Begin PBXFileReference section */
		850D2E3129F617950032E05B /* GoogleService-Info.plist */ = {isa = PBXFileReference; fileEncoding = 4; lastKnownFileType = text.plist.xml; name = "GoogleService-Info.plist"; path = "../../../../../../Users/mcou0008/Downloads/GoogleService-Info.plist"; sourceTree = "<group>"; };
		8515396B2A1B0223003E9EA5 /* CalendarViewController.swift */ = {isa = PBXFileReference; lastKnownFileType = sourcecode.swift; path = CalendarViewController.swift; sourceTree = "<group>"; };
		852033F82A035A4A0098FAD6 /* EditTaskViewController.swift */ = {isa = PBXFileReference; lastKnownFileType = sourcecode.swift; path = EditTaskViewController.swift; sourceTree = "<group>"; };
		85224A5229F2395400A27813 /* FIT3178-FinalMobileApp.app */ = {isa = PBXFileReference; explicitFileType = wrapper.application; includeInIndex = 0; path = "FIT3178-FinalMobileApp.app"; sourceTree = BUILT_PRODUCTS_DIR; };
		85224A5529F2395400A27813 /* AppDelegate.swift */ = {isa = PBXFileReference; lastKnownFileType = sourcecode.swift; path = AppDelegate.swift; sourceTree = "<group>"; };
		85224A5729F2395400A27813 /* SceneDelegate.swift */ = {isa = PBXFileReference; lastKnownFileType = sourcecode.swift; path = SceneDelegate.swift; sourceTree = "<group>"; };
		85224A5C29F2395400A27813 /* Base */ = {isa = PBXFileReference; lastKnownFileType = file.storyboard; name = Base; path = Base.lproj/Main.storyboard; sourceTree = "<group>"; };
		85224A5E29F2395500A27813 /* Assets.xcassets */ = {isa = PBXFileReference; lastKnownFileType = folder.assetcatalog; path = Assets.xcassets; sourceTree = "<group>"; };
		85224A6129F2395500A27813 /* Base */ = {isa = PBXFileReference; lastKnownFileType = file.storyboard; name = Base; path = Base.lproj/LaunchScreen.storyboard; sourceTree = "<group>"; };
		85224A6329F2395500A27813 /* Info.plist */ = {isa = PBXFileReference; lastKnownFileType = text.plist.xml; path = Info.plist; sourceTree = "<group>"; };
		85224A6929F2474F00A27813 /* DailyTaskTableViewController.swift */ = {isa = PBXFileReference; lastKnownFileType = sourcecode.swift; path = DailyTaskTableViewController.swift; sourceTree = "<group>"; };
		85224A6B29F24D5D00A27813 /* AddTaskViewController.swift */ = {isa = PBXFileReference; lastKnownFileType = sourcecode.swift; path = AddTaskViewController.swift; sourceTree = "<group>"; };
		85224A7729F2552B00A27813 /* MulticastDelegate.swift */ = {isa = PBXFileReference; fileEncoding = 4; lastKnownFileType = sourcecode.swift; name = MulticastDelegate.swift; path = ../../../../../../../Users/mcou0008/Downloads/MulticastDelegate.swift; sourceTree = "<group>"; };
		85224A7B29F2556E00A27813 /* DatabaseProtocol.swift */ = {isa = PBXFileReference; lastKnownFileType = sourcecode.swift; path = DatabaseProtocol.swift; sourceTree = "<group>"; };
		85224A7F29F25EA900A27813 /* FirebaseController.swift */ = {isa = PBXFileReference; lastKnownFileType = sourcecode.swift; path = FirebaseController.swift; sourceTree = "<group>"; };
		85224A8129F270DA00A27813 /* DailyTask.swift */ = {isa = PBXFileReference; lastKnownFileType = sourcecode.swift; path = DailyTask.swift; sourceTree = "<group>"; };
		855078CB2A1725DD0053C6EC /* WeatherViewController.swift */ = {isa = PBXFileReference; lastKnownFileType = sourcecode.swift; path = WeatherViewController.swift; sourceTree = "<group>"; };
		856971E52A0CEDDE002F639C /* EditableTableViewCell.swift */ = {isa = PBXFileReference; lastKnownFileType = sourcecode.swift; path = EditableTableViewCell.swift; sourceTree = "<group>"; };
		8571D61B2A08A44100A5C4F1 /* TaskProtocol.swift */ = {isa = PBXFileReference; lastKnownFileType = sourcecode.swift; path = TaskProtocol.swift; sourceTree = "<group>"; };
		858D665129F76AC2005B5A35 /* TaskTableViewCell.swift */ = {isa = PBXFileReference; lastKnownFileType = sourcecode.swift; path = TaskTableViewCell.swift; sourceTree = "<group>"; };
		858D665329F77559005B5A35 /* checkbox-unchecked.png */ = {isa = PBXFileReference; lastKnownFileType = image.png; name = "checkbox-unchecked.png"; path = "../../../../../../Users/mcou0008/Downloads/checkbox-unchecked.png"; sourceTree = "<group>"; };
		858D665529F77563005B5A35 /* checkbox-checked.png */ = {isa = PBXFileReference; lastKnownFileType = image.png; name = "checkbox-checked.png"; path = "../../../../../../Users/mcou0008/Downloads/checkbox-checked.png"; sourceTree = "<group>"; };
		858D665729F77C7A005B5A35 /* ExpandedTaskTableViewCell.swift */ = {isa = PBXFileReference; lastKnownFileType = sourcecode.swift; path = ExpandedTaskTableViewCell.swift; sourceTree = "<group>"; };
		85AD806A2A11C6710066096B /* SubtaskTableViewCell.swift */ = {isa = PBXFileReference; lastKnownFileType = sourcecode.swift; path = SubtaskTableViewCell.swift; sourceTree = "<group>"; };
		85B37E262A15B8AD00558745 /* TaskStreakViewController.swift */ = {isa = PBXFileReference; lastKnownFileType = sourcecode.swift; path = TaskStreakViewController.swift; sourceTree = "<group>"; };
		85D430892A0C7D4E00553189 /* SubTask.swift */ = {isa = PBXFileReference; lastKnownFileType = sourcecode.swift; path = SubTask.swift; sourceTree = "<group>"; };
/* End PBXFileReference section */

/* Begin PBXFrameworksBuildPhase section */
		85224A4F29F2395400A27813 /* Frameworks */ = {
			isa = PBXFrameworksBuildPhase;
			buildActionMask = 2147483647;
			files = (
				85224A7129F2528A00A27813 /* FirebaseAuth in Frameworks */,
				85A494BD2A1B13D800BD9141 /* FSCalendar in Frameworks */,
				85EB14572A1F2C5D00894E23 /* AlamofireImage in Frameworks */,
				85224A7329F2528A00A27813 /* FirebaseFirestore in Frameworks */,
				85224A7529F2528A00A27813 /* FirebaseFirestoreSwift in Frameworks */,
			);
			runOnlyForDeploymentPostprocessing = 0;
		};
/* End PBXFrameworksBuildPhase section */

/* Begin PBXGroup section */
		8515396A2A1B01FF003E9EA5 /* View Controllers */ = {
			isa = PBXGroup;
			children = (
				85224A6929F2474F00A27813 /* DailyTaskTableViewController.swift */,
				85224A6B29F24D5D00A27813 /* AddTaskViewController.swift */,
				852033F82A035A4A0098FAD6 /* EditTaskViewController.swift */,
				85B37E262A15B8AD00558745 /* TaskStreakViewController.swift */,
				855078CB2A1725DD0053C6EC /* WeatherViewController.swift */,
				8515396B2A1B0223003E9EA5 /* CalendarViewController.swift */,
			);
			path = "View Controllers";
			sourceTree = "<group>";
		};
		85224A4929F2395400A27813 = {
			isa = PBXGroup;
			children = (
				85224A5429F2395400A27813 /* FIT3178-FinalMobileApp */,
				85224A5329F2395400A27813 /* Products */,
			);
			sourceTree = "<group>";
		};
		85224A5329F2395400A27813 /* Products */ = {
			isa = PBXGroup;
			children = (
				85224A5229F2395400A27813 /* FIT3178-FinalMobileApp.app */,
			);
			name = Products;
			sourceTree = "<group>";
		};
		85224A5429F2395400A27813 /* FIT3178-FinalMobileApp */ = {
			isa = PBXGroup;
			children = (
				85224A7629F2549700A27813 /* Databases */,
				85224A5529F2395400A27813 /* AppDelegate.swift */,
				85224A5729F2395400A27813 /* SceneDelegate.swift */,
				85224A5B29F2395400A27813 /* Main.storyboard */,
				85224A5E29F2395500A27813 /* Assets.xcassets */,
				85224A6029F2395500A27813 /* LaunchScreen.storyboard */,
				85224A6329F2395500A27813 /* Info.plist */,
				8515396A2A1B01FF003E9EA5 /* View Controllers */,
				85AD806C2A11C67A0066096B /* Table View Cells */,
				8571D61B2A08A44100A5C4F1 /* TaskProtocol.swift */,
				85224A8129F270DA00A27813 /* DailyTask.swift */,
				85D430892A0C7D4E00553189 /* SubTask.swift */,
				858D665329F77559005B5A35 /* checkbox-unchecked.png */,
				858D665529F77563005B5A35 /* checkbox-checked.png */,
				850D2E3129F617950032E05B /* GoogleService-Info.plist */,
			);
			path = "FIT3178-FinalMobileApp";
			sourceTree = "<group>";
		};
		85224A7629F2549700A27813 /* Databases */ = {
			isa = PBXGroup;
			children = (
				85224A7729F2552B00A27813 /* MulticastDelegate.swift */,
				85224A7B29F2556E00A27813 /* DatabaseProtocol.swift */,
				85224A7F29F25EA900A27813 /* FirebaseController.swift */,
			);
			path = Databases;
			sourceTree = "<group>";
		};
		85AD806C2A11C67A0066096B /* Table View Cells */ = {
			isa = PBXGroup;
			children = (
				858D665129F76AC2005B5A35 /* TaskTableViewCell.swift */,
				856971E52A0CEDDE002F639C /* EditableTableViewCell.swift */,
				85AD806A2A11C6710066096B /* SubtaskTableViewCell.swift */,
				858D665729F77C7A005B5A35 /* ExpandedTaskTableViewCell.swift */,
			);
			path = "Table View Cells";
			sourceTree = "<group>";
		};
/* End PBXGroup section */

/* Begin PBXNativeTarget section */
		85224A5129F2395400A27813 /* FIT3178-FinalMobileApp */ = {
			isa = PBXNativeTarget;
			buildConfigurationList = 85224A6629F2395500A27813 /* Build configuration list for PBXNativeTarget "FIT3178-FinalMobileApp" */;
			buildPhases = (
				85224A4E29F2395400A27813 /* Sources */,
				85224A4F29F2395400A27813 /* Frameworks */,
				85224A5029F2395400A27813 /* Resources */,
			);
			buildRules = (
			);
			dependencies = (
			);
			name = "FIT3178-FinalMobileApp";
			packageProductDependencies = (
				85224A7029F2528A00A27813 /* FirebaseAuth */,
				85224A7229F2528A00A27813 /* FirebaseFirestore */,
				85224A7429F2528A00A27813 /* FirebaseFirestoreSwift */,
				85A494BC2A1B13D800BD9141 /* FSCalendar */,
				85EB14562A1F2C5D00894E23 /* AlamofireImage */,
			);
			productName = "FIT3178-FinalMobileApp";
			productReference = 85224A5229F2395400A27813 /* FIT3178-FinalMobileApp.app */;
			productType = "com.apple.product-type.application";
		};
/* End PBXNativeTarget section */

/* Begin PBXProject section */
		85224A4A29F2395400A27813 /* Project object */ = {
			isa = PBXProject;
			attributes = {
				BuildIndependentTargetsInParallel = 1;
				LastSwiftUpdateCheck = 1410;
				LastUpgradeCheck = 1410;
				TargetAttributes = {
					85224A5129F2395400A27813 = {
						CreatedOnToolsVersion = 14.1;
					};
				};
			};
			buildConfigurationList = 85224A4D29F2395400A27813 /* Build configuration list for PBXProject "FIT3178-FinalMobileApp" */;
			compatibilityVersion = "Xcode 14.0";
			developmentRegion = en;
			hasScannedForEncodings = 0;
			knownRegions = (
				en,
				Base,
			);
			mainGroup = 85224A4929F2395400A27813;
			packageReferences = (
				85224A6F29F2528A00A27813 /* XCRemoteSwiftPackageReference "firebase-ios-sdk" */,
				85A494BB2A1B13D800BD9141 /* XCRemoteSwiftPackageReference "FSCalendar" */,
				85EB14552A1F2C5D00894E23 /* XCRemoteSwiftPackageReference "AlamofireImage" */,
			);
			productRefGroup = 85224A5329F2395400A27813 /* Products */;
			projectDirPath = "";
			projectRoot = "";
			targets = (
				85224A5129F2395400A27813 /* FIT3178-FinalMobileApp */,
			);
		};
/* End PBXProject section */

/* Begin PBXResourcesBuildPhase section */
		85224A5029F2395400A27813 /* Resources */ = {
			isa = PBXResourcesBuildPhase;
			buildActionMask = 2147483647;
			files = (
				85224A6229F2395500A27813 /* LaunchScreen.storyboard in Resources */,
				850D2E3229F617950032E05B /* GoogleService-Info.plist in Resources */,
				858D665629F77563005B5A35 /* checkbox-checked.png in Resources */,
				85224A5F29F2395500A27813 /* Assets.xcassets in Resources */,
				85224A5D29F2395400A27813 /* Main.storyboard in Resources */,
				858D665429F77559005B5A35 /* checkbox-unchecked.png in Resources */,
			);
			runOnlyForDeploymentPostprocessing = 0;
		};
/* End PBXResourcesBuildPhase section */

/* Begin PBXSourcesBuildPhase section */
		85224A4E29F2395400A27813 /* Sources */ = {
			isa = PBXSourcesBuildPhase;
			buildActionMask = 2147483647;
			files = (
				852033F92A035A4A0098FAD6 /* EditTaskViewController.swift in Sources */,
				855078CC2A1725DD0053C6EC /* WeatherViewController.swift in Sources */,
				85224A8029F25EA900A27813 /* FirebaseController.swift in Sources */,
				85224A7C29F2556E00A27813 /* DatabaseProtocol.swift in Sources */,
				858D665229F76AC2005B5A35 /* TaskTableViewCell.swift in Sources */,
				85AD806B2A11C6710066096B /* SubtaskTableViewCell.swift in Sources */,
				8515396C2A1B0223003E9EA5 /* CalendarViewController.swift in Sources */,
				85B37E272A15B8AD00558745 /* TaskStreakViewController.swift in Sources */,
				858D665829F77C7A005B5A35 /* ExpandedTaskTableViewCell.swift in Sources */,
				85224A5629F2395400A27813 /* AppDelegate.swift in Sources */,
				8571D61C2A08A44100A5C4F1 /* TaskProtocol.swift in Sources */,
				85224A7829F2552B00A27813 /* MulticastDelegate.swift in Sources */,
				85D4308A2A0C7D4E00553189 /* SubTask.swift in Sources */,
				856971E62A0CEDDE002F639C /* EditableTableViewCell.swift in Sources */,
				85224A8229F270DA00A27813 /* DailyTask.swift in Sources */,
				85224A6A29F2474F00A27813 /* DailyTaskTableViewController.swift in Sources */,
				85224A5829F2395400A27813 /* SceneDelegate.swift in Sources */,
				85224A6C29F24D5D00A27813 /* AddTaskViewController.swift in Sources */,
			);
			runOnlyForDeploymentPostprocessing = 0;
		};
/* End PBXSourcesBuildPhase section */

/* Begin PBXVariantGroup section */
		85224A5B29F2395400A27813 /* Main.storyboard */ = {
			isa = PBXVariantGroup;
			children = (
				85224A5C29F2395400A27813 /* Base */,
			);
			name = Main.storyboard;
			sourceTree = "<group>";
		};
		85224A6029F2395500A27813 /* LaunchScreen.storyboard */ = {
			isa = PBXVariantGroup;
			children = (
				85224A6129F2395500A27813 /* Base */,
			);
			name = LaunchScreen.storyboard;
			sourceTree = "<group>";
		};
/* End PBXVariantGroup section */

/* Begin XCBuildConfiguration section */
		85224A6429F2395500A27813 /* Debug */ = {
			isa = XCBuildConfiguration;
			buildSettings = {
				ALWAYS_SEARCH_USER_PATHS = NO;
				CLANG_ANALYZER_NONNULL = YES;
				CLANG_ANALYZER_NUMBER_OBJECT_CONVERSION = YES_AGGRESSIVE;
				CLANG_CXX_LANGUAGE_STANDARD = "gnu++20";
				CLANG_ENABLE_MODULES = YES;
				CLANG_ENABLE_OBJC_ARC = YES;
				CLANG_ENABLE_OBJC_WEAK = YES;
				CLANG_WARN_BLOCK_CAPTURE_AUTORELEASING = YES;
				CLANG_WARN_BOOL_CONVERSION = YES;
				CLANG_WARN_COMMA = YES;
				CLANG_WARN_CONSTANT_CONVERSION = YES;
				CLANG_WARN_DEPRECATED_OBJC_IMPLEMENTATIONS = YES;
				CLANG_WARN_DIRECT_OBJC_ISA_USAGE = YES_ERROR;
				CLANG_WARN_DOCUMENTATION_COMMENTS = YES;
				CLANG_WARN_EMPTY_BODY = YES;
				CLANG_WARN_ENUM_CONVERSION = YES;
				CLANG_WARN_INFINITE_RECURSION = YES;
				CLANG_WARN_INT_CONVERSION = YES;
				CLANG_WARN_NON_LITERAL_NULL_CONVERSION = YES;
				CLANG_WARN_OBJC_IMPLICIT_RETAIN_SELF = YES;
				CLANG_WARN_OBJC_LITERAL_CONVERSION = YES;
				CLANG_WARN_OBJC_ROOT_CLASS = YES_ERROR;
				CLANG_WARN_QUOTED_INCLUDE_IN_FRAMEWORK_HEADER = YES;
				CLANG_WARN_RANGE_LOOP_ANALYSIS = YES;
				CLANG_WARN_STRICT_PROTOTYPES = YES;
				CLANG_WARN_SUSPICIOUS_MOVE = YES;
				CLANG_WARN_UNGUARDED_AVAILABILITY = YES_AGGRESSIVE;
				CLANG_WARN_UNREACHABLE_CODE = YES;
				CLANG_WARN__DUPLICATE_METHOD_MATCH = YES;
				COPY_PHASE_STRIP = NO;
				DEBUG_INFORMATION_FORMAT = dwarf;
				ENABLE_STRICT_OBJC_MSGSEND = YES;
				ENABLE_TESTABILITY = YES;
				GCC_C_LANGUAGE_STANDARD = gnu11;
				GCC_DYNAMIC_NO_PIC = NO;
				GCC_NO_COMMON_BLOCKS = YES;
				GCC_OPTIMIZATION_LEVEL = 0;
				GCC_PREPROCESSOR_DEFINITIONS = (
					"DEBUG=1",
					"$(inherited)",
				);
				GCC_WARN_64_TO_32_BIT_CONVERSION = YES;
				GCC_WARN_ABOUT_RETURN_TYPE = YES_ERROR;
				GCC_WARN_UNDECLARED_SELECTOR = YES;
				GCC_WARN_UNINITIALIZED_AUTOS = YES_AGGRESSIVE;
				GCC_WARN_UNUSED_FUNCTION = YES;
				GCC_WARN_UNUSED_VARIABLE = YES;
				IPHONEOS_DEPLOYMENT_TARGET = 16.1;
				MTL_ENABLE_DEBUG_INFO = INCLUDE_SOURCE;
				MTL_FAST_MATH = YES;
				ONLY_ACTIVE_ARCH = YES;
				SDKROOT = iphoneos;
				SWIFT_ACTIVE_COMPILATION_CONDITIONS = DEBUG;
				SWIFT_OPTIMIZATION_LEVEL = "-Onone";
			};
			name = Debug;
		};
		85224A6529F2395500A27813 /* Release */ = {
			isa = XCBuildConfiguration;
			buildSettings = {
				ALWAYS_SEARCH_USER_PATHS = NO;
				CLANG_ANALYZER_NONNULL = YES;
				CLANG_ANALYZER_NUMBER_OBJECT_CONVERSION = YES_AGGRESSIVE;
				CLANG_CXX_LANGUAGE_STANDARD = "gnu++20";
				CLANG_ENABLE_MODULES = YES;
				CLANG_ENABLE_OBJC_ARC = YES;
				CLANG_ENABLE_OBJC_WEAK = YES;
				CLANG_WARN_BLOCK_CAPTURE_AUTORELEASING = YES;
				CLANG_WARN_BOOL_CONVERSION = YES;
				CLANG_WARN_COMMA = YES;
				CLANG_WARN_CONSTANT_CONVERSION = YES;
				CLANG_WARN_DEPRECATED_OBJC_IMPLEMENTATIONS = YES;
				CLANG_WARN_DIRECT_OBJC_ISA_USAGE = YES_ERROR;
				CLANG_WARN_DOCUMENTATION_COMMENTS = YES;
				CLANG_WARN_EMPTY_BODY = YES;
				CLANG_WARN_ENUM_CONVERSION = YES;
				CLANG_WARN_INFINITE_RECURSION = YES;
				CLANG_WARN_INT_CONVERSION = YES;
				CLANG_WARN_NON_LITERAL_NULL_CONVERSION = YES;
				CLANG_WARN_OBJC_IMPLICIT_RETAIN_SELF = YES;
				CLANG_WARN_OBJC_LITERAL_CONVERSION = YES;
				CLANG_WARN_OBJC_ROOT_CLASS = YES_ERROR;
				CLANG_WARN_QUOTED_INCLUDE_IN_FRAMEWORK_HEADER = YES;
				CLANG_WARN_RANGE_LOOP_ANALYSIS = YES;
				CLANG_WARN_STRICT_PROTOTYPES = YES;
				CLANG_WARN_SUSPICIOUS_MOVE = YES;
				CLANG_WARN_UNGUARDED_AVAILABILITY = YES_AGGRESSIVE;
				CLANG_WARN_UNREACHABLE_CODE = YES;
				CLANG_WARN__DUPLICATE_METHOD_MATCH = YES;
				COPY_PHASE_STRIP = NO;
				DEBUG_INFORMATION_FORMAT = "dwarf-with-dsym";
				ENABLE_NS_ASSERTIONS = NO;
				ENABLE_STRICT_OBJC_MSGSEND = YES;
				GCC_C_LANGUAGE_STANDARD = gnu11;
				GCC_NO_COMMON_BLOCKS = YES;
				GCC_WARN_64_TO_32_BIT_CONVERSION = YES;
				GCC_WARN_ABOUT_RETURN_TYPE = YES_ERROR;
				GCC_WARN_UNDECLARED_SELECTOR = YES;
				GCC_WARN_UNINITIALIZED_AUTOS = YES_AGGRESSIVE;
				GCC_WARN_UNUSED_FUNCTION = YES;
				GCC_WARN_UNUSED_VARIABLE = YES;
				IPHONEOS_DEPLOYMENT_TARGET = 16.1;
				MTL_ENABLE_DEBUG_INFO = NO;
				MTL_FAST_MATH = YES;
				SDKROOT = iphoneos;
				SWIFT_COMPILATION_MODE = wholemodule;
				SWIFT_OPTIMIZATION_LEVEL = "-O";
				VALIDATE_PRODUCT = YES;
			};
			name = Release;
		};
		85224A6729F2395500A27813 /* Debug */ = {
			isa = XCBuildConfiguration;
			buildSettings = {
				ASSETCATALOG_COMPILER_APPICON_NAME = AppIcon;
				ASSETCATALOG_COMPILER_GLOBAL_ACCENT_COLOR_NAME = AccentColor;
				CODE_SIGN_STYLE = Automatic;
				CURRENT_PROJECT_VERSION = 1;
				GENERATE_INFOPLIST_FILE = YES;
				INFOPLIST_FILE = "FIT3178-FinalMobileApp/Info.plist";
				INFOPLIST_KEY_NSLocationWhenInUseUsageDescription = "requires location to provide accurate weather details to user";
				INFOPLIST_KEY_UIApplicationSupportsIndirectInputEvents = YES;
				INFOPLIST_KEY_UILaunchStoryboardName = LaunchScreen;
				INFOPLIST_KEY_UIMainStoryboardFile = Main;
				INFOPLIST_KEY_UISupportedInterfaceOrientations_iPad = "UIInterfaceOrientationPortrait UIInterfaceOrientationPortraitUpsideDown UIInterfaceOrientationLandscapeLeft UIInterfaceOrientationLandscapeRight";
				INFOPLIST_KEY_UISupportedInterfaceOrientations_iPhone = "UIInterfaceOrientationPortrait UIInterfaceOrientationLandscapeLeft UIInterfaceOrientationLandscapeRight";
				LD_RUNPATH_SEARCH_PATHS = (
					"$(inherited)",
					"@executable_path/Frameworks",
				);
				MARKETING_VERSION = 1.0;
				PRODUCT_BUNDLE_IDENTIFIER = "edu.monash.FIT3178-FinalMobileApp";
				PRODUCT_NAME = "$(TARGET_NAME)";
				SWIFT_EMIT_LOC_STRINGS = YES;
				SWIFT_VERSION = 5.0;
				TARGETED_DEVICE_FAMILY = "1,2";
			};
			name = Debug;
		};
		85224A6829F2395500A27813 /* Release */ = {
			isa = XCBuildConfiguration;
			buildSettings = {
				ASSETCATALOG_COMPILER_APPICON_NAME = AppIcon;
				ASSETCATALOG_COMPILER_GLOBAL_ACCENT_COLOR_NAME = AccentColor;
				CODE_SIGN_STYLE = Automatic;
				CURRENT_PROJECT_VERSION = 1;
				GENERATE_INFOPLIST_FILE = YES;
				INFOPLIST_FILE = "FIT3178-FinalMobileApp/Info.plist";
				INFOPLIST_KEY_NSLocationWhenInUseUsageDescription = "requires location to provide accurate weather details to user";
				INFOPLIST_KEY_UIApplicationSupportsIndirectInputEvents = YES;
				INFOPLIST_KEY_UILaunchStoryboardName = LaunchScreen;
				INFOPLIST_KEY_UIMainStoryboardFile = Main;
				INFOPLIST_KEY_UISupportedInterfaceOrientations_iPad = "UIInterfaceOrientationPortrait UIInterfaceOrientationPortraitUpsideDown UIInterfaceOrientationLandscapeLeft UIInterfaceOrientationLandscapeRight";
				INFOPLIST_KEY_UISupportedInterfaceOrientations_iPhone = "UIInterfaceOrientationPortrait UIInterfaceOrientationLandscapeLeft UIInterfaceOrientationLandscapeRight";
				LD_RUNPATH_SEARCH_PATHS = (
					"$(inherited)",
					"@executable_path/Frameworks",
				);
				MARKETING_VERSION = 1.0;
				PRODUCT_BUNDLE_IDENTIFIER = "edu.monash.FIT3178-FinalMobileApp";
				PRODUCT_NAME = "$(TARGET_NAME)";
				SWIFT_EMIT_LOC_STRINGS = YES;
				SWIFT_VERSION = 5.0;
				TARGETED_DEVICE_FAMILY = "1,2";
			};
			name = Release;
		};
/* End XCBuildConfiguration section */

/* Begin XCConfigurationList section */
		85224A4D29F2395400A27813 /* Build configuration list for PBXProject "FIT3178-FinalMobileApp" */ = {
			isa = XCConfigurationList;
			buildConfigurations = (
				85224A6429F2395500A27813 /* Debug */,
				85224A6529F2395500A27813 /* Release */,
			);
			defaultConfigurationIsVisible = 0;
			defaultConfigurationName = Release;
		};
		85224A6629F2395500A27813 /* Build configuration list for PBXNativeTarget "FIT3178-FinalMobileApp" */ = {
			isa = XCConfigurationList;
			buildConfigurations = (
				85224A6729F2395500A27813 /* Debug */,
				85224A6829F2395500A27813 /* Release */,
			);
			defaultConfigurationIsVisible = 0;
			defaultConfigurationName = Release;
		};
/* End XCConfigurationList section */

/* Begin XCRemoteSwiftPackageReference section */
		85224A6F29F2528A00A27813 /* XCRemoteSwiftPackageReference "firebase-ios-sdk" */ = {
			isa = XCRemoteSwiftPackageReference;
			repositoryURL = "https://github.com/firebase/firebase-ios-sdk.git";
			requirement = {
				kind = upToNextMajorVersion;
				minimumVersion = 9.0.0;
			};
		};
		85A494BB2A1B13D800BD9141 /* XCRemoteSwiftPackageReference "FSCalendar" */ = {
			isa = XCRemoteSwiftPackageReference;
			repositoryURL = "https://github.com/WenchaoD/FSCalendar.git";
			requirement = {
				kind = upToNextMajorVersion;
				minimumVersion = 2.0.0;
			};
		};
		85EB14552A1F2C5D00894E23 /* XCRemoteSwiftPackageReference "AlamofireImage" */ = {
			isa = XCRemoteSwiftPackageReference;
			repositoryURL = "https://github.com/Alamofire/AlamofireImage";
			requirement = {
				kind = upToNextMajorVersion;
				minimumVersion = 4.0.0;
			};
		};
/* End XCRemoteSwiftPackageReference section */

/* Begin XCSwiftPackageProductDependency section */
		85224A7029F2528A00A27813 /* FirebaseAuth */ = {
			isa = XCSwiftPackageProductDependency;
			package = 85224A6F29F2528A00A27813 /* XCRemoteSwiftPackageReference "firebase-ios-sdk" */;
			productName = FirebaseAuth;
		};
		85224A7229F2528A00A27813 /* FirebaseFirestore */ = {
			isa = XCSwiftPackageProductDependency;
			package = 85224A6F29F2528A00A27813 /* XCRemoteSwiftPackageReference "firebase-ios-sdk" */;
			productName = FirebaseFirestore;
		};
		85224A7429F2528A00A27813 /* FirebaseFirestoreSwift */ = {
			isa = XCSwiftPackageProductDependency;
			package = 85224A6F29F2528A00A27813 /* XCRemoteSwiftPackageReference "firebase-ios-sdk" */;
			productName = FirebaseFirestoreSwift;
		};
		85A494BC2A1B13D800BD9141 /* FSCalendar */ = {
			isa = XCSwiftPackageProductDependency;
			package = 85A494BB2A1B13D800BD9141 /* XCRemoteSwiftPackageReference "FSCalendar" */;
			productName = FSCalendar;
		};
		85EB14562A1F2C5D00894E23 /* AlamofireImage */ = {
			isa = XCSwiftPackageProductDependency;
			package = 85EB14552A1F2C5D00894E23 /* XCRemoteSwiftPackageReference "AlamofireImage" */;
			productName = AlamofireImage;
		};
/* End XCSwiftPackageProductDependency section */
	};
	rootObject = 85224A4A29F2395400A27813 /* Project object */;
}
